
Microsoft Visual Studio Solution File, Format Version 12.00
# Visual Studio Version 16
VisualStudioVersion = 16.0.30611.23
MinimumVisualStudioVersion = 10.0.40219.1
Project("{FAE04EC0-301F-11D3-BF4B-00C04F79EFBC}") = "SimpleElementsProject", "SimpleElementsProject.csproj", "{14221BE4-9DFC-4EB2-B3EF-18086A7B338A}"
EndProject
Global
	GlobalSection(SolutionConfigurationPlatforms) = preSolution
		Debug|Any CPU = Debug|Any CPU
		Release|Any CPU = Release|Any CPU
	EndGlobalSection
	GlobalSection(ProjectConfigurationPlatforms) = postSolution
		{14221BE4-9DFC-4EB2-B3EF-18086A7B338A}.Debug|Any CPU.ActiveCfg = Debug|Any CPU
		{14221BE4-9DFC-4EB2-B3EF-18086A7B338A}.Debug|Any CPU.Build.0 = Debug|Any CPU
		{14221BE4-9DFC-4EB2-B3EF-18086A7B338A}.Release|Any CPU.ActiveCfg = Release|Any CPU
		{14221BE4-9DFC-4EB2-B3EF-18086A7B338A}.Release|Any CPU.Build.0 = Release|Any CPU
	EndGlobalSection
	GlobalSection(SolutionProperties) = preSolution
		HideSolutionNode = FALSE
	EndGlobalSection
	GlobalSection(ExtensibilityGlobals) = postSolution
		SolutionGuid = {E0959FDD-87DE-4564-9DDD-D4DCCA9463DB}
	EndGlobalSection
EndGlobal
